
Microsoft Visual Studio Solution File, Format Version 12.00
# Visual Studio Version 16
VisualStudioVersion = 16.0.30413.136
MinimumVisualStudioVersion = 10.0.40219.1
Project("{FAE04EC0-301F-11D3-BF4B-00C04F79EFBC}") = "FunkyCode.SqlParametrization", "FunkyCode.SqlParametrization\FunkyCode.SqlParametrization.csproj", "{3BF64DBE-906E-443E-BA2D-809E3B8BE865}"
EndProject
Project("{FAE04EC0-301F-11D3-BF4B-00C04F79EFBC}") = "FunkyCode.SqlParametrization.Benchmarks", "FunkyCode.SqlParametrization.Benchmarks\FunkyCode.SqlParametrization.Benchmarks.csproj", "{95296A94-BF79-4553-835D-717B00CC0229}"
EndProject
Global
	GlobalSection(SolutionConfigurationPlatforms) = preSolution
		Debug|Any CPU = Debug|Any CPU
		Release|Any CPU = Release|Any CPU
	EndGlobalSection
	GlobalSection(ProjectConfigurationPlatforms) = postSolution
		{3BF64DBE-906E-443E-BA2D-809E3B8BE865}.Debug|Any CPU.ActiveCfg = Debug|Any CPU
		{3BF64DBE-906E-443E-BA2D-809E3B8BE865}.Debug|Any CPU.Build.0 = Debug|Any CPU
		{3BF64DBE-906E-443E-BA2D-809E3B8BE865}.Release|Any CPU.ActiveCfg = Release|Any CPU
		{3BF64DBE-906E-443E-BA2D-809E3B8BE865}.Release|Any CPU.Build.0 = Release|Any CPU
		{95296A94-BF79-4553-835D-717B00CC0229}.Debug|Any CPU.ActiveCfg = Debug|Any CPU
		{95296A94-BF79-4553-835D-717B00CC0229}.Debug|Any CPU.Build.0 = Debug|Any CPU
		{95296A94-BF79-4553-835D-717B00CC0229}.Release|Any CPU.ActiveCfg = Release|Any CPU
		{95296A94-BF79-4553-835D-717B00CC0229}.Release|Any CPU.Build.0 = Release|Any CPU
	EndGlobalSection
	GlobalSection(SolutionProperties) = preSolution
		HideSolutionNode = FALSE
	EndGlobalSection
	GlobalSection(ExtensibilityGlobals) = postSolution
		SolutionGuid = {329F6523-BCF2-47E0-87D1-3EF6D9614CB5}
	EndGlobalSection
EndGlobal
